{
    "_meta": {
        "hash": {
            "sha256": "b080c38eb80823c5958bc701f64db6210b22f8768fdaf53d88ac300400c07679"
        },
        "pipfile-spec": 6,
        "requires": {
            "python_version": "3.6"
        },
        "sources": [
            {
                "name": "pypi",
                "url": "https://pypi.org/simple",
                "verify_ssl": true
            }
        ]
    },
    "default": {
        "django": {
            "hashes": [
                "sha256:89ac9fce84db947da7e5d1e7a24eabd21216c04cc4386c93197f0aa2487e9945"
            ],
            "index": "pypi",
            "version": "==2.1a1"
        },
        "pytz": {
            "hashes": [
                "sha256:65ae0c8101309c45772196b21b74c46b2e5d11b6275c45d251b150d5da334555",
                "sha256:c06425302f2cf668f1bba7a0a03f3c1d34d4ebeef2c72003da308b3947c7f749"
            ],
            "version": "==2018.4"
        }
    },
    "develop": {}
}
